
Microsoft Visual Studio Solution File, Format Version 12.00
# Visual Studio Version 17
VisualStudioVersion = 17.0.32112.339
MinimumVisualStudioVersion = 10.0.40219.1
Project("{FAE04EC0-301F-11D3-BF4B-00C04F79EFBC}") = "PRESENTATION", "PRESENTATION\PRESENTATION.csproj", "{65FCABF0-718B-40AC-9F5F-1B669F09AAC8}"
EndProject
Project("{FAE04EC0-301F-11D3-BF4B-00C04F79EFBC}") = "DATA", "DATA\DATA.csproj", "{24C963EF-1708-48A5-8FF2-4D5ED6B16AFF}"
EndProject
Project("{FAE04EC0-301F-11D3-BF4B-00C04F79EFBC}") = "LOGIC", "LOGIC\LOGIC.csproj", "{4714A7D9-38F6-450F-8946-A7A2133F2C96}"
EndProject
Global
	GlobalSection(SolutionConfigurationPlatforms) = preSolution
		Debug|Any CPU = Debug|Any CPU
		Release|Any CPU = Release|Any CPU
	EndGlobalSection
	GlobalSection(ProjectConfigurationPlatforms) = postSolution
		{65FCABF0-718B-40AC-9F5F-1B669F09AAC8}.Debug|Any CPU.ActiveCfg = Debug|Any CPU
		{65FCABF0-718B-40AC-9F5F-1B669F09AAC8}.Debug|Any CPU.Build.0 = Debug|Any CPU
		{65FCABF0-718B-40AC-9F5F-1B669F09AAC8}.Release|Any CPU.ActiveCfg = Release|Any CPU
		{65FCABF0-718B-40AC-9F5F-1B669F09AAC8}.Release|Any CPU.Build.0 = Release|Any CPU
		{24C963EF-1708-48A5-8FF2-4D5ED6B16AFF}.Debug|Any CPU.ActiveCfg = Debug|Any CPU
		{24C963EF-1708-48A5-8FF2-4D5ED6B16AFF}.Debug|Any CPU.Build.0 = Debug|Any CPU
		{24C963EF-1708-48A5-8FF2-4D5ED6B16AFF}.Release|Any CPU.ActiveCfg = Release|Any CPU
		{24C963EF-1708-48A5-8FF2-4D5ED6B16AFF}.Release|Any CPU.Build.0 = Release|Any CPU
		{4714A7D9-38F6-450F-8946-A7A2133F2C96}.Debug|Any CPU.ActiveCfg = Debug|Any CPU
		{4714A7D9-38F6-450F-8946-A7A2133F2C96}.Debug|Any CPU.Build.0 = Debug|Any CPU
		{4714A7D9-38F6-450F-8946-A7A2133F2C96}.Release|Any CPU.ActiveCfg = Release|Any CPU
		{4714A7D9-38F6-450F-8946-A7A2133F2C96}.Release|Any CPU.Build.0 = Release|Any CPU
	EndGlobalSection
	GlobalSection(SolutionProperties) = preSolution
		HideSolutionNode = FALSE
	EndGlobalSection
	GlobalSection(ExtensibilityGlobals) = postSolution
		SolutionGuid = {9090DAE5-37E3-4ED1-925A-A9C34F6FC45A}
	EndGlobalSection
EndGlobal
